lockfileVersion: '9.0'

settings:
  autoInstallPeers: true
  excludeLinksFromLockfile: false

importers:

  .:
    dependencies:
      '@trpc/server':
        specifier: ^11.0.0-rc.660
        version: 11.0.0-rc.660(typescript@5.7.2)
      openapi-fetch:
        specifier: ^0.13.5
        version: 0.13.5

packages:

  '@trpc/server@11.0.0-rc.660':
    resolution: {integrity: sha512-QUapcZCNOpHT7ng9LceGc9ImkboWd0Go9ryrduZpL+p4jdfaC6409AQ3x4XEW6Wu3yBmZAn4CywCsDrDhjDy/w==}
    peerDependencies:
      typescript: '>=5.6.2'

  openapi-fetch@0.13.5:
    resolution: {integrity: sha512-AQK8T9GSKFREFlN1DBXTYsLjs7YV2tZcJ7zUWxbjMoQmj8dDSFRrzhLCbHPZWA1TMV3vACqfCxLEZcwf2wxV6Q==}

  openapi-typescript-helpers@0.0.15:
    resolution: {integrity: sha512-opyTPaunsklCBpTK8JGef6mfPhLSnyy5a0IN9vKtx3+4aExf+KxEqYwIy3hqkedXIB97u357uLMJsOnm3GVjsw==}

  typescript@5.7.2:
    resolution: {integrity: sha512-i5t66RHxDvVN40HfDd1PsEThGNnlMCMT3jMUuoh9/0TaqWevNontacunWyN02LA9/fIbEWlcHZcgTKb9QoaLfg==}
    engines: {node: '>=14.17'}
    hasBin: true

snapshots:

  '@trpc/server@11.0.0-rc.660(typescript@5.7.2)':
    dependencies:
      typescript: 5.7.2

  openapi-fetch@0.13.5:
    dependencies:
      openapi-typescript-helpers: 0.0.15

  openapi-typescript-helpers@0.0.15: {}

  typescript@5.7.2: {}
