lockfileVersion: '9.0'

settings:
  autoInstallPeers: true
  excludeLinksFromLockfile: false

importers:

  .:
    dependencies:
      '@trpc/server':
        specifier: ^11.0.0-rc.660
        version: 11.0.0-rc.660(typescript@5.7.2)

packages:

  '@trpc/server@11.0.0-rc.660':
    resolution: {integrity: sha512-QUapcZCNOpHT7ng9LceGc9ImkboWd0Go9ryrduZpL+p4jdfaC6409AQ3x4XEW6Wu3yBmZAn4CywCsDrDhjDy/w==}
    peerDependencies:
      typescript: '>=5.6.2'

  typescript@5.7.2:
    resolution: {integrity: sha512-i5t66RHxDvVN40HfDd1PsEThGNnlMCMT3jMUuoh9/0TaqWevNontacunWyN02LA9/fIbEWlcHZcgTKb9QoaLfg==}
    engines: {node: '>=14.17'}
    hasBin: true

snapshots:

  '@trpc/server@11.0.0-rc.660(typescript@5.7.2)':
    dependencies:
      typescript: 5.7.2

  typescript@5.7.2: {}
